
Microsoft Visual Studio Solution File, Format Version 12.00
# Visual Studio Version 17
VisualStudioVersion = 17.4.33403.182
MinimumVisualStudioVersion = 10.0.40219.1
Project("{FAE04EC0-301F-11D3-BF4B-00C04F79EFBC}") = "appGrafica", "appGrafica\appGrafica.csproj", "{FCCACB60-C3FC-49DA-9BED-08E099A807C6}"
EndProject
Global
	GlobalSection(SolutionConfigurationPlatforms) = preSolution
		Debug|Any CPU = Debug|Any CPU
		Release|Any CPU = Release|Any CPU
	EndGlobalSection
	GlobalSection(ProjectConfigurationPlatforms) = postSolution
		{FCCACB60-C3FC-49DA-9BED-08E099A807C6}.Debug|Any CPU.ActiveCfg = Debug|Any CPU
		{FCCACB60-C3FC-49DA-9BED-08E099A807C6}.Debug|Any CPU.Build.0 = Debug|Any CPU
		{FCCACB60-C3FC-49DA-9BED-08E099A807C6}.Release|Any CPU.ActiveCfg = Release|Any CPU
		{FCCACB60-C3FC-49DA-9BED-08E099A807C6}.Release|Any CPU.Build.0 = Release|Any CPU
	EndGlobalSection
	GlobalSection(SolutionProperties) = preSolution
		HideSolutionNode = FALSE
	EndGlobalSection
	GlobalSection(ExtensibilityGlobals) = postSolution
		SolutionGuid = {62613087-3535-4953-80C7-16D5B94E6EB8}
	EndGlobalSection
EndGlobal
